github.com/WatchJani/pool v1.0.2 h1:Fg6QkBy9nVkdUke6LKWF7U2fKwYs15zgLI5awFPW02E=
github.com/WatchJani/pool v1.0.2/go.mod h1:Q1JsDNd2nLZRfLdXYxdy3THYgaqNKc0/a8PR8n2KMDo=
github.com/WatchJani/stack v1.0.2 h1:QASL39sBDNjrXREpdXfa6/nM6BeF3a16qa4RssByIlg=
github.com/WatchJani/stack v1.0.2/go.mod h1:/ALtTSWNgHMVHmG49vDPS/xND1cdCYIaBJmh1ZxCaLc=
